
Microsoft Visual Studio Solution File, Format Version 12.00
# Visual Studio Version 17
VisualStudioVersion = 17.9.34607.119
MinimumVisualStudioVersion = 10.0.40219.1
Project("{9A19103F-16F7-4668-BE54-9A1E7A4F7556}") = "Client", "Client\Client.csproj", "{F83F0E27-4BF2-4F2D-A03A-4363A2FA055D}"
EndProject
Project("{9A19103F-16F7-4668-BE54-9A1E7A4F7556}") = "Core", "Core\Core.csproj", "{C02D6F33-CF77-4772-AC0D-A2857ABC9630}"
EndProject
Project("{9A19103F-16F7-4668-BE54-9A1E7A4F7556}") = "ElementEngine", "..\..\..\ElementEngine\Engine\ElementEngine.csproj", "{D63DF8BB-34FF-4DF0-ADEC-53368EDB3262}"
EndProject
Global
	GlobalSection(SolutionConfigurationPlatforms) = preSolution
		Debug|Any CPU = Debug|Any CPU
		Release|Any CPU = Release|Any CPU
	EndGlobalSection
	GlobalSection(ProjectConfigurationPlatforms) = postSolution
		{F83F0E27-4BF2-4F2D-A03A-4363A2FA055D}.Debug|Any CPU.ActiveCfg = Debug|Any CPU
		{F83F0E27-4BF2-4F2D-A03A-4363A2FA055D}.Debug|Any CPU.Build.0 = Debug|Any CPU
		{F83F0E27-4BF2-4F2D-A03A-4363A2FA055D}.Release|Any CPU.ActiveCfg = Release|Any CPU
		{F83F0E27-4BF2-4F2D-A03A-4363A2FA055D}.Release|Any CPU.Build.0 = Release|Any CPU
		{C02D6F33-CF77-4772-AC0D-A2857ABC9630}.Debug|Any CPU.ActiveCfg = Debug|Any CPU
		{C02D6F33-CF77-4772-AC0D-A2857ABC9630}.Debug|Any CPU.Build.0 = Debug|Any CPU
		{C02D6F33-CF77-4772-AC0D-A2857ABC9630}.Release|Any CPU.ActiveCfg = Release|Any CPU
		{C02D6F33-CF77-4772-AC0D-A2857ABC9630}.Release|Any CPU.Build.0 = Release|Any CPU
		{D63DF8BB-34FF-4DF0-ADEC-53368EDB3262}.Debug|Any CPU.ActiveCfg = Debug|Any CPU
		{D63DF8BB-34FF-4DF0-ADEC-53368EDB3262}.Debug|Any CPU.Build.0 = Debug|Any CPU
		{D63DF8BB-34FF-4DF0-ADEC-53368EDB3262}.Release|Any CPU.ActiveCfg = Release|Any CPU
		{D63DF8BB-34FF-4DF0-ADEC-53368EDB3262}.Release|Any CPU.Build.0 = Release|Any CPU
	EndGlobalSection
	GlobalSection(SolutionProperties) = preSolution
		HideSolutionNode = FALSE
	EndGlobalSection
	GlobalSection(ExtensibilityGlobals) = postSolution
		SolutionGuid = {C51A8109-84F5-4BF7-92C6-73D9B79F47CC}
	EndGlobalSection
EndGlobal
